
Microsoft Visual Studio Solution File, Format Version 12.00
# Visual Studio Version 17
VisualStudioVersion = 17.9.34723.18
MinimumVisualStudioVersion = 10.0.40219.1
Project("{9A19103F-16F7-4668-BE54-9A1E7A4F7556}") = "AtmiraPayNet.Server", "AtmiraPayNet.Server\AtmiraPayNet.Server.csproj", "{29D5009A-0856-495D-BA96-3F174C83529E}"
EndProject
Project("{9A19103F-16F7-4668-BE54-9A1E7A4F7556}") = "AtmiraPayNet.Client", "AtmiraPayNet.Client\AtmiraPayNet.Client.csproj", "{A096B390-EB78-4529-A83D-484D0460F76C}"
EndProject
Project("{9A19103F-16F7-4668-BE54-9A1E7A4F7556}") = "AtmiraPayNet.Shared", "AtmiraPayNet.Shared\AtmiraPayNet.Shared.csproj", "{CC171D72-7D12-4990-95FC-393F2F4A26AD}"
EndProject
Project("{FAE04EC0-301F-11D3-BF4B-00C04F79EFBC}") = "AtmiraPayNet.RPA", "AtmiraPayNet.RPA\AtmiraPayNet.RPA.csproj", "{889FFC58-A282-41BE-ACBB-0A240CF89786}"
EndProject
Global
	GlobalSection(SolutionConfigurationPlatforms) = preSolution
		Debug|Any CPU = Debug|Any CPU
		Release|Any CPU = Release|Any CPU
	EndGlobalSection
	GlobalSection(ProjectConfigurationPlatforms) = postSolution
		{29D5009A-0856-495D-BA96-3F174C83529E}.Debug|Any CPU.ActiveCfg = Debug|Any CPU
		{29D5009A-0856-495D-BA96-3F174C83529E}.Debug|Any CPU.Build.0 = Debug|Any CPU
		{29D5009A-0856-495D-BA96-3F174C83529E}.Release|Any CPU.ActiveCfg = Release|Any CPU
		{29D5009A-0856-495D-BA96-3F174C83529E}.Release|Any CPU.Build.0 = Release|Any CPU
		{A096B390-EB78-4529-A83D-484D0460F76C}.Debug|Any CPU.ActiveCfg = Debug|Any CPU
		{A096B390-EB78-4529-A83D-484D0460F76C}.Debug|Any CPU.Build.0 = Debug|Any CPU
		{A096B390-EB78-4529-A83D-484D0460F76C}.Release|Any CPU.ActiveCfg = Release|Any CPU
		{A096B390-EB78-4529-A83D-484D0460F76C}.Release|Any CPU.Build.0 = Release|Any CPU
		{CC171D72-7D12-4990-95FC-393F2F4A26AD}.Debug|Any CPU.ActiveCfg = Debug|Any CPU
		{CC171D72-7D12-4990-95FC-393F2F4A26AD}.Debug|Any CPU.Build.0 = Debug|Any CPU
		{CC171D72-7D12-4990-95FC-393F2F4A26AD}.Release|Any CPU.ActiveCfg = Release|Any CPU
		{CC171D72-7D12-4990-95FC-393F2F4A26AD}.Release|Any CPU.Build.0 = Release|Any CPU
		{889FFC58-A282-41BE-ACBB-0A240CF89786}.Debug|Any CPU.ActiveCfg = Debug|Any CPU
		{889FFC58-A282-41BE-ACBB-0A240CF89786}.Debug|Any CPU.Build.0 = Debug|Any CPU
		{889FFC58-A282-41BE-ACBB-0A240CF89786}.Release|Any CPU.ActiveCfg = Release|Any CPU
		{889FFC58-A282-41BE-ACBB-0A240CF89786}.Release|Any CPU.Build.0 = Release|Any CPU
	EndGlobalSection
	GlobalSection(SolutionProperties) = preSolution
		HideSolutionNode = FALSE
	EndGlobalSection
	GlobalSection(ExtensibilityGlobals) = postSolution
		SolutionGuid = {8980DD23-28D2-4AFC-90FB-9240FFF40570}
	EndGlobalSection
EndGlobal
